
Microsoft Visual Studio Solution File, Format Version 12.00
# Visual Studio Version 16
VisualStudioVersion = 16.0.30503.244
MinimumVisualStudioVersion = 10.0.40219.1
Project("{FAE04EC0-301F-11D3-BF4B-00C04F79EFBC}") = "Proyecto137controlesColor", "Proyecto137controlesColor\Proyecto137controlesColor.csproj", "{698DAF78-3265-4094-9BC4-FF9D98D7E2E2}"
EndProject
Global
	GlobalSection(SolutionConfigurationPlatforms) = preSolution
		Debug|Any CPU = Debug|Any CPU
		Release|Any CPU = Release|Any CPU
	EndGlobalSection
	GlobalSection(ProjectConfigurationPlatforms) = postSolution
		{698DAF78-3265-4094-9BC4-FF9D98D7E2E2}.Debug|Any CPU.ActiveCfg = Debug|Any CPU
		{698DAF78-3265-4094-9BC4-FF9D98D7E2E2}.Debug|Any CPU.Build.0 = Debug|Any CPU
		{698DAF78-3265-4094-9BC4-FF9D98D7E2E2}.Release|Any CPU.ActiveCfg = Release|Any CPU
		{698DAF78-3265-4094-9BC4-FF9D98D7E2E2}.Release|Any CPU.Build.0 = Release|Any CPU
	EndGlobalSection
	GlobalSection(SolutionProperties) = preSolution
		HideSolutionNode = FALSE
	EndGlobalSection
	GlobalSection(ExtensibilityGlobals) = postSolution
		SolutionGuid = {3C1306E9-F68A-470C-A458-BD5AFC4EA153}
	EndGlobalSection
EndGlobal
